
Microsoft Visual Studio Solution File, Format Version 12.00
# Visual Studio Version 17
VisualStudioVersion = 17.4.33213.308
MinimumVisualStudioVersion = 10.0.40219.1
Project("{9A19103F-16F7-4668-BE54-9A1E7A4F7556}") = "ReizTechAssignment", "ReizTechAssignment\ReizTechAssignment.csproj", "{D7C91F3B-78E3-4E5A-9C9E-8A8AA9D9751C}"
EndProject
Project("{FAE04EC0-301F-11D3-BF4B-00C04F79EFBC}") = "TestReizTechAssignment", "TestReizTechAssignment\TestReizTechAssignment.csproj", "{998194DB-BF07-4EE7-B5A8-9C4AC62268C1}"
EndProject
Global
	GlobalSection(SolutionConfigurationPlatforms) = preSolution
		Debug|Any CPU = Debug|Any CPU
		Release|Any CPU = Release|Any CPU
	EndGlobalSection
	GlobalSection(ProjectConfigurationPlatforms) = postSolution
		{D7C91F3B-78E3-4E5A-9C9E-8A8AA9D9751C}.Debug|Any CPU.ActiveCfg = Debug|Any CPU
		{D7C91F3B-78E3-4E5A-9C9E-8A8AA9D9751C}.Debug|Any CPU.Build.0 = Debug|Any CPU
		{D7C91F3B-78E3-4E5A-9C9E-8A8AA9D9751C}.Release|Any CPU.ActiveCfg = Release|Any CPU
		{D7C91F3B-78E3-4E5A-9C9E-8A8AA9D9751C}.Release|Any CPU.Build.0 = Release|Any CPU
		{998194DB-BF07-4EE7-B5A8-9C4AC62268C1}.Debug|Any CPU.ActiveCfg = Debug|Any CPU
		{998194DB-BF07-4EE7-B5A8-9C4AC62268C1}.Debug|Any CPU.Build.0 = Debug|Any CPU
		{998194DB-BF07-4EE7-B5A8-9C4AC62268C1}.Release|Any CPU.ActiveCfg = Release|Any CPU
		{998194DB-BF07-4EE7-B5A8-9C4AC62268C1}.Release|Any CPU.Build.0 = Release|Any CPU
	EndGlobalSection
	GlobalSection(SolutionProperties) = preSolution
		HideSolutionNode = FALSE
	EndGlobalSection
	GlobalSection(ExtensibilityGlobals) = postSolution
		SolutionGuid = {2F29A19E-EDB8-4472-8D50-985EBD60FEE9}
	EndGlobalSection
EndGlobal
